
Microsoft Visual Studio Solution File, Format Version 12.00
# Visual Studio Version 17
VisualStudioVersion = 17.6.33815.320
MinimumVisualStudioVersion = 10.0.40219.1
Project("{FAE04EC0-301F-11D3-BF4B-00C04F79EFBC}") = "Worker", "Worker\Worker.csproj", "{8937763F-D628-4E6B-9045-C2D7A857B6ED}"
EndProject
Project("{FAE04EC0-301F-11D3-BF4B-00C04F79EFBC}") = "Api", "Api\Api.csproj", "{5C896207-13EF-4F0B-A958-1FDD81798DFF}"
EndProject
Global
	GlobalSection(SolutionConfigurationPlatforms) = preSolution
		Debug|Any CPU = Debug|Any CPU
		Release|Any CPU = Release|Any CPU
	EndGlobalSection
	GlobalSection(ProjectConfigurationPlatforms) = postSolution
		{8937763F-D628-4E6B-9045-C2D7A857B6ED}.Debug|Any CPU.ActiveCfg = Debug|Any CPU
		{8937763F-D628-4E6B-9045-C2D7A857B6ED}.Debug|Any CPU.Build.0 = Debug|Any CPU
		{8937763F-D628-4E6B-9045-C2D7A857B6ED}.Release|Any CPU.ActiveCfg = Release|Any CPU
		{8937763F-D628-4E6B-9045-C2D7A857B6ED}.Release|Any CPU.Build.0 = Release|Any CPU
		{5C896207-13EF-4F0B-A958-1FDD81798DFF}.Debug|Any CPU.ActiveCfg = Debug|Any CPU
		{5C896207-13EF-4F0B-A958-1FDD81798DFF}.Debug|Any CPU.Build.0 = Debug|Any CPU
		{5C896207-13EF-4F0B-A958-1FDD81798DFF}.Release|Any CPU.ActiveCfg = Release|Any CPU
		{5C896207-13EF-4F0B-A958-1FDD81798DFF}.Release|Any CPU.Build.0 = Release|Any CPU
	EndGlobalSection
	GlobalSection(SolutionProperties) = preSolution
		HideSolutionNode = FALSE
	EndGlobalSection
	GlobalSection(ExtensibilityGlobals) = postSolution
		SolutionGuid = {AC2C1034-0853-41C4-9882-D0370C3ACC4C}
	EndGlobalSection
EndGlobal
